// !$*UTF8*$!
{
	archiveVersion = 1;
	classes = {
	};
	objectVersion = 56;
	objects = {

/* Begin PBXBuildFile section */
		48136CEC2B6EF14700DEED86 /* Assets.xcassets in Resources */ = {isa = PBXBuildFile; fileRef = 48136CEB2B6EF14700DEED86 /* Assets.xcassets */; };
		48136CFD2B6EF22000DEED86 /* SDL2.framework in Frameworks */ = {isa = PBXBuildFile; fileRef = 48136CF82B6EF19500DEED86 /* SDL2.framework */; };
		48136CFE2B6EF22000DEED86 /* SDL2.framework in Embed Frameworks */ = {isa = PBXBuildFile; fileRef = 48136CF82B6EF19500DEED86 /* SDL2.framework */; settings = {ATTRIBUTES = (CodeSignOnCopy, RemoveHeadersOnCopy, ); }; };
		48136D0B2B6F1B6200DEED86 /* main.c in Sources */ = {isa = PBXBuildFile; fileRef = 48136D0A2B6F1B6200DEED86 /* main.c */; };
		48136D112B6FE31800DEED86 /* app.c in Sources */ = {isa = PBXBuildFile; fileRef = 48136D102B6FE31800DEED86 /* app.c */; };
		48136D152B6FF5A300DEED86 /* player.c in Sources */ = {isa = PBXBuildFile; fileRef = 48136D142B6FF5A300DEED86 /* player.c */; };
		48136D192B707E4B00DEED86 /* sprite.bmp in Resources */ = {isa = PBXBuildFile; fileRef = 48136D182B707E4A00DEED86 /* sprite.bmp */; };
		48136D392B733B4900DEED86 /* Makefile in Sources */ = {isa = PBXBuildFile; fileRef = 48136D382B733B4900DEED86 /* Makefile */; };
		48136D3C2B73C80600DEED86 /* README.md in Resources */ = {isa = PBXBuildFile; fileRef = 48136D3B2B73C80600DEED86 /* README.md */; };
/* End PBXBuildFile section */

/* Begin PBXCopyFilesBuildPhase section */
		48136CFF2B6EF22000DEED86 /* Embed Frameworks */ = {
			isa = PBXCopyFilesBuildPhase;
			buildActionMask = 2147483647;
			dstPath = "";
			dstSubfolderSpec = 10;
			files = (
				48136CFE2B6EF22000DEED86 /* SDL2.framework in Embed Frameworks */,
			);
			name = "Embed Frameworks";
			runOnlyForDeploymentPostprocessing = 0;
		};
/* End PBXCopyFilesBuildPhase section */

/* Begin PBXFileReference section */
		48136CE52B6EF14600DEED86 /* stardoo.app */ = {isa = PBXFileReference; explicitFileType = wrapper.application; includeInIndex = 0; path = stardoo.app; sourceTree = BUILT_PRODUCTS_DIR; };
		48136CEB2B6EF14700DEED86 /* Assets.xcassets */ = {isa = PBXFileReference; lastKnownFileType = folder.assetcatalog; path = Assets.xcassets; sourceTree = "<group>"; };
		48136CF22B6EF14700DEED86 /* stardoo.entitlements */ = {isa = PBXFileReference; lastKnownFileType = text.plist.entitlements; path = stardoo.entitlements; sourceTree = "<group>"; };
		48136CF82B6EF19500DEED86 /* SDL2.framework */ = {isa = PBXFileReference; lastKnownFileType = wrapper.framework; path = SDL2.framework; sourceTree = SOURCE_ROOT; };
		48136D0A2B6F1B6200DEED86 /* main.c */ = {isa = PBXFileReference; lastKnownFileType = sourcecode.c.c; path = main.c; sourceTree = "<group>"; };
		48136D0F2B6FE31800DEED86 /* app.h */ = {isa = PBXFileReference; lastKnownFileType = sourcecode.c.h; path = app.h; sourceTree = "<group>"; };
		48136D102B6FE31800DEED86 /* app.c */ = {isa = PBXFileReference; lastKnownFileType = sourcecode.c.c; path = app.c; sourceTree = "<group>"; };
		48136D132B6FF5A300DEED86 /* player.h */ = {isa = PBXFileReference; lastKnownFileType = sourcecode.c.h; path = player.h; sourceTree = "<group>"; };
		48136D142B6FF5A300DEED86 /* player.c */ = {isa = PBXFileReference; lastKnownFileType = sourcecode.c.c; path = player.c; sourceTree = "<group>"; };
		48136D182B707E4A00DEED86 /* sprite.bmp */ = {isa = PBXFileReference; lastKnownFileType = image.bmp; path = sprite.bmp; sourceTree = "<group>"; };
		48136D382B733B4900DEED86 /* Makefile */ = {isa = PBXFileReference; lastKnownFileType = sourcecode.make; path = Makefile; sourceTree = "<group>"; };
		48136D3A2B73412100DEED86 /* common.h */ = {isa = PBXFileReference; lastKnownFileType = sourcecode.c.h; path = common.h; sourceTree = "<group>"; };
		48136D3B2B73C80600DEED86 /* README.md */ = {isa = PBXFileReference; fileEncoding = 4; lastKnownFileType = net.daringfireball.markdown; path = README.md; sourceTree = "<group>"; };
/* End PBXFileReference section */

/* Begin PBXFrameworksBuildPhase section */
		48136CE22B6EF14600DEED86 /* Frameworks */ = {
			isa = PBXFrameworksBuildPhase;
			buildActionMask = 2147483647;
			files = (
				48136CFD2B6EF22000DEED86 /* SDL2.framework in Frameworks */,
			);
			runOnlyForDeploymentPostprocessing = 0;
		};
/* End PBXFrameworksBuildPhase section */

/* Begin PBXGroup section */
		48136CDC2B6EF14600DEED86 = {
			isa = PBXGroup;
			children = (
				48136D3B2B73C80600DEED86 /* README.md */,
				48136CE72B6EF14600DEED86 /* stardoo */,
				48136CE62B6EF14600DEED86 /* Products */,
			);
			sourceTree = "<group>";
		};
		48136CE62B6EF14600DEED86 /* Products */ = {
			isa = PBXGroup;
			children = (
				48136CE52B6EF14600DEED86 /* stardoo.app */,
			);
			name = Products;
			sourceTree = "<group>";
		};
		48136CE72B6EF14600DEED86 /* stardoo */ = {
			isa = PBXGroup;
			children = (
				48136D382B733B4900DEED86 /* Makefile */,
				48136D372B733AD500DEED86 /* obj */,
				48136D362B733AD000DEED86 /* bin */,
				48136D352B733AC400DEED86 /* src */,
				48136CEB2B6EF14700DEED86 /* Assets.xcassets */,
				48136CF22B6EF14700DEED86 /* stardoo.entitlements */,
				48136CF82B6EF19500DEED86 /* SDL2.framework */,
				48136D182B707E4A00DEED86 /* sprite.bmp */,
			);
			path = stardoo;
			sourceTree = "<group>";
		};
		48136D352B733AC400DEED86 /* src */ = {
			isa = PBXGroup;
			children = (
				48136D132B6FF5A300DEED86 /* player.h */,
				48136D142B6FF5A300DEED86 /* player.c */,
				48136D0F2B6FE31800DEED86 /* app.h */,
				48136D102B6FE31800DEED86 /* app.c */,
				48136D0A2B6F1B6200DEED86 /* main.c */,
				48136D3A2B73412100DEED86 /* common.h */,
			);
			path = src;
			sourceTree = "<group>";
		};
		48136D362B733AD000DEED86 /* bin */ = {
			isa = PBXGroup;
			children = (
			);
			path = bin;
			sourceTree = "<group>";
		};
		48136D372B733AD500DEED86 /* obj */ = {
			isa = PBXGroup;
			children = (
			);
			path = obj;
			sourceTree = "<group>";
		};
/* End PBXGroup section */

/* Begin PBXNativeTarget section */
		48136CE42B6EF14600DEED86 /* stardoo */ = {
			isa = PBXNativeTarget;
			buildConfigurationList = 48136CF52B6EF14700DEED86 /* Build configuration list for PBXNativeTarget "stardoo" */;
			buildPhases = (
				48136CE12B6EF14600DEED86 /* Sources */,
				48136CE22B6EF14600DEED86 /* Frameworks */,
				48136CE32B6EF14600DEED86 /* Resources */,
				48136CFF2B6EF22000DEED86 /* Embed Frameworks */,
			);
			buildRules = (
			);
			dependencies = (
			);
			name = stardoo;
			productName = stardoo;
			productReference = 48136CE52B6EF14600DEED86 /* stardoo.app */;
			productType = "com.apple.product-type.application";
		};
/* End PBXNativeTarget section */

/* Begin PBXProject section */
		48136CDD2B6EF14600DEED86 /* Project object */ = {
			isa = PBXProject;
			attributes = {
				BuildIndependentTargetsInParallel = 1;
				LastUpgradeCheck = 1520;
				TargetAttributes = {
					48136CE42B6EF14600DEED86 = {
						CreatedOnToolsVersion = 15.2;
					};
				};
			};
			buildConfigurationList = 48136CE02B6EF14600DEED86 /* Build configuration list for PBXProject "stardoo" */;
			compatibilityVersion = "Xcode 14.0";
			developmentRegion = en;
			hasScannedForEncodings = 0;
			knownRegions = (
				en,
				Base,
			);
			mainGroup = 48136CDC2B6EF14600DEED86;
			productRefGroup = 48136CE62B6EF14600DEED86 /* Products */;
			projectDirPath = "";
			projectRoot = "";
			targets = (
				48136CE42B6EF14600DEED86 /* stardoo */,
			);
		};
/* End PBXProject section */

/* Begin PBXResourcesBuildPhase section */
		48136CE32B6EF14600DEED86 /* Resources */ = {
			isa = PBXResourcesBuildPhase;
			buildActionMask = 2147483647;
			files = (
				48136D3C2B73C80600DEED86 /* README.md in Resources */,
				48136D192B707E4B00DEED86 /* sprite.bmp in Resources */,
				48136CEC2B6EF14700DEED86 /* Assets.xcassets in Resources */,
			);
			runOnlyForDeploymentPostprocessing = 0;
		};
/* End PBXResourcesBuildPhase section */

/* Begin PBXSourcesBuildPhase section */
		48136CE12B6EF14600DEED86 /* Sources */ = {
			isa = PBXSourcesBuildPhase;
			buildActionMask = 2147483647;
			files = (
				48136D392B733B4900DEED86 /* Makefile in Sources */,
				48136D0B2B6F1B6200DEED86 /* main.c in Sources */,
				48136D152B6FF5A300DEED86 /* player.c in Sources */,
				48136D112B6FE31800DEED86 /* app.c in Sources */,
			);
			runOnlyForDeploymentPostprocessing = 0;
		};
/* End PBXSourcesBuildPhase section */

/* Begin XCBuildConfiguration section */
		48136CF32B6EF14700DEED86 /* Debug */ = {
			isa = XCBuildConfiguration;
			buildSettings = {
				ALWAYS_SEARCH_USER_PATHS = NO;
				ASSETCATALOG_COMPILER_GENERATE_SWIFT_ASSET_SYMBOL_EXTENSIONS = YES;
				CLANG_ANALYZER_NONNULL = YES;
				CLANG_ANALYZER_NUMBER_OBJECT_CONVERSION = YES_AGGRESSIVE;
				CLANG_CXX_LANGUAGE_STANDARD = "gnu++20";
				CLANG_ENABLE_MODULES = YES;
				CLANG_ENABLE_OBJC_ARC = YES;
				CLANG_ENABLE_OBJC_WEAK = YES;
				CLANG_WARN_BLOCK_CAPTURE_AUTORELEASING = YES;
				CLANG_WARN_BOOL_CONVERSION = YES;
				CLANG_WARN_COMMA = YES;
				CLANG_WARN_CONSTANT_CONVERSION = YES;
				CLANG_WARN_DEPRECATED_OBJC_IMPLEMENTATIONS = YES;
				CLANG_WARN_DIRECT_OBJC_ISA_USAGE = YES_ERROR;
				CLANG_WARN_DOCUMENTATION_COMMENTS = YES;
				CLANG_WARN_EMPTY_BODY = YES;
				CLANG_WARN_ENUM_CONVERSION = YES;
				CLANG_WARN_INFINITE_RECURSION = YES;
				CLANG_WARN_INT_CONVERSION = YES;
				CLANG_WARN_NON_LITERAL_NULL_CONVERSION = YES;
				CLANG_WARN_OBJC_IMPLICIT_RETAIN_SELF = YES;
				CLANG_WARN_OBJC_LITERAL_CONVERSION = YES;
				CLANG_WARN_OBJC_ROOT_CLASS = YES_ERROR;
				CLANG_WARN_QUOTED_INCLUDE_IN_FRAMEWORK_HEADER = YES;
				CLANG_WARN_RANGE_LOOP_ANALYSIS = YES;
				CLANG_WARN_STRICT_PROTOTYPES = YES;
				CLANG_WARN_SUSPICIOUS_MOVE = YES;
				CLANG_WARN_UNGUARDED_AVAILABILITY = YES_AGGRESSIVE;
				CLANG_WARN_UNREACHABLE_CODE = YES;
				CLANG_WARN__DUPLICATE_METHOD_MATCH = YES;
				COPY_PHASE_STRIP = NO;
				DEBUG_INFORMATION_FORMAT = dwarf;
				ENABLE_STRICT_OBJC_MSGSEND = YES;
				ENABLE_TESTABILITY = YES;
				ENABLE_USER_SCRIPT_SANDBOXING = YES;
				GCC_C_LANGUAGE_STANDARD = gnu17;
				GCC_DYNAMIC_NO_PIC = NO;
				GCC_NO_COMMON_BLOCKS = YES;
				GCC_OPTIMIZATION_LEVEL = 0;
				GCC_PREPROCESSOR_DEFINITIONS = (
					"DEBUG=1",
					"$(inherited)",
				);
				GCC_WARN_64_TO_32_BIT_CONVERSION = YES;
				GCC_WARN_ABOUT_RETURN_TYPE = YES_ERROR;
				GCC_WARN_UNDECLARED_SELECTOR = YES;
				GCC_WARN_UNINITIALIZED_AUTOS = YES_AGGRESSIVE;
				GCC_WARN_UNUSED_FUNCTION = YES;
				GCC_WARN_UNUSED_VARIABLE = YES;
				LOCALIZATION_PREFERS_STRING_CATALOGS = YES;
				MACOSX_DEPLOYMENT_TARGET = 14.2;
				MTL_ENABLE_DEBUG_INFO = INCLUDE_SOURCE;
				MTL_FAST_MATH = YES;
				ONLY_ACTIVE_ARCH = YES;
				SDKROOT = macosx;
			};
			name = Debug;
		};
		48136CF42B6EF14700DEED86 /* Release */ = {
			isa = XCBuildConfiguration;
			buildSettings = {
				ALWAYS_SEARCH_USER_PATHS = NO;
				ASSETCATALOG_COMPILER_GENERATE_SWIFT_ASSET_SYMBOL_EXTENSIONS = YES;
				CLANG_ANALYZER_NONNULL = YES;
				CLANG_ANALYZER_NUMBER_OBJECT_CONVERSION = YES_AGGRESSIVE;
				CLANG_CXX_LANGUAGE_STANDARD = "gnu++20";
				CLANG_ENABLE_MODULES = YES;
				CLANG_ENABLE_OBJC_ARC = YES;
				CLANG_ENABLE_OBJC_WEAK = YES;
				CLANG_WARN_BLOCK_CAPTURE_AUTORELEASING = YES;
				CLANG_WARN_BOOL_CONVERSION = YES;
				CLANG_WARN_COMMA = YES;
				CLANG_WARN_CONSTANT_CONVERSION = YES;
				CLANG_WARN_DEPRECATED_OBJC_IMPLEMENTATIONS = YES;
				CLANG_WARN_DIRECT_OBJC_ISA_USAGE = YES_ERROR;
				CLANG_WARN_DOCUMENTATION_COMMENTS = YES;
				CLANG_WARN_EMPTY_BODY = YES;
				CLANG_WARN_ENUM_CONVERSION = YES;
				CLANG_WARN_INFINITE_RECURSION = YES;
				CLANG_WARN_INT_CONVERSION = YES;
				CLANG_WARN_NON_LITERAL_NULL_CONVERSION = YES;
				CLANG_WARN_OBJC_IMPLICIT_RETAIN_SELF = YES;
				CLANG_WARN_OBJC_LITERAL_CONVERSION = YES;
				CLANG_WARN_OBJC_ROOT_CLASS = YES_ERROR;
				CLANG_WARN_QUOTED_INCLUDE_IN_FRAMEWORK_HEADER = YES;
				CLANG_WARN_RANGE_LOOP_ANALYSIS = YES;
				CLANG_WARN_STRICT_PROTOTYPES = YES;
				CLANG_WARN_SUSPICIOUS_MOVE = YES;
				CLANG_WARN_UNGUARDED_AVAILABILITY = YES_AGGRESSIVE;
				CLANG_WARN_UNREACHABLE_CODE = YES;
				CLANG_WARN__DUPLICATE_METHOD_MATCH = YES;
				COPY_PHASE_STRIP = NO;
				DEBUG_INFORMATION_FORMAT = "dwarf-with-dsym";
				ENABLE_NS_ASSERTIONS = NO;
				ENABLE_STRICT_OBJC_MSGSEND = YES;
				ENABLE_USER_SCRIPT_SANDBOXING = YES;
				GCC_C_LANGUAGE_STANDARD = gnu17;
				GCC_NO_COMMON_BLOCKS = YES;
				GCC_WARN_64_TO_32_BIT_CONVERSION = YES;
				GCC_WARN_ABOUT_RETURN_TYPE = YES_ERROR;
				GCC_WARN_UNDECLARED_SELECTOR = YES;
				GCC_WARN_UNINITIALIZED_AUTOS = YES_AGGRESSIVE;
				GCC_WARN_UNUSED_FUNCTION = YES;
				GCC_WARN_UNUSED_VARIABLE = YES;
				LOCALIZATION_PREFERS_STRING_CATALOGS = YES;
				MACOSX_DEPLOYMENT_TARGET = 14.2;
				MTL_ENABLE_DEBUG_INFO = NO;
				MTL_FAST_MATH = YES;
				SDKROOT = macosx;
			};
			name = Release;
		};
		48136CF62B6EF14700DEED86 /* Debug */ = {
			isa = XCBuildConfiguration;
			buildSettings = {
				ASSETCATALOG_COMPILER_APPICON_NAME = AppIcon;
				ASSETCATALOG_COMPILER_GLOBAL_ACCENT_COLOR_NAME = AccentColor;
				CODE_SIGN_ENTITLEMENTS = stardoo/stardoo.entitlements;
				CODE_SIGN_STYLE = Automatic;
				COMBINE_HIDPI_IMAGES = YES;
				CURRENT_PROJECT_VERSION = 1;
				DEVELOPMENT_TEAM = SN2649LZ84;
				ENABLE_HARDENED_RUNTIME = YES;
				FRAMEWORK_SEARCH_PATHS = (
					"$(inherited)",
					"$(PROJECT_DIR)",
				);
				GENERATE_INFOPLIST_FILE = YES;
				INFOPLIST_KEY_NSHumanReadableCopyright = "";
				INFOPLIST_KEY_NSMainNibFile = MainMenu;
				INFOPLIST_KEY_NSPrincipalClass = NSApplication;
				LD_RUNPATH_SEARCH_PATHS = (
					"$(inherited)",
					"@executable_path/../Frameworks",
				);
				MARKETING_VERSION = 1.0;
				PRODUCT_BUNDLE_IDENTIFIER = com.matty316.stardoo;
				PRODUCT_NAME = "$(TARGET_NAME)";
				SWIFT_EMIT_LOC_STRINGS = YES;
			};
			name = Debug;
		};
		48136CF72B6EF14700DEED86 /* Release */ = {
			isa = XCBuildConfiguration;
			buildSettings = {
				ASSETCATALOG_COMPILER_APPICON_NAME = AppIcon;
				ASSETCATALOG_COMPILER_GLOBAL_ACCENT_COLOR_NAME = AccentColor;
				CODE_SIGN_ENTITLEMENTS = stardoo/stardoo.entitlements;
				CODE_SIGN_STYLE = Automatic;
				COMBINE_HIDPI_IMAGES = YES;
				CURRENT_PROJECT_VERSION = 1;
				DEVELOPMENT_TEAM = SN2649LZ84;
				ENABLE_HARDENED_RUNTIME = YES;
				FRAMEWORK_SEARCH_PATHS = (
					"$(inherited)",
					"$(PROJECT_DIR)",
				);
				GENERATE_INFOPLIST_FILE = YES;
				INFOPLIST_KEY_NSHumanReadableCopyright = "";
				INFOPLIST_KEY_NSMainNibFile = MainMenu;
				INFOPLIST_KEY_NSPrincipalClass = NSApplication;
				LD_RUNPATH_SEARCH_PATHS = (
					"$(inherited)",
					"@executable_path/../Frameworks",
				);
				MARKETING_VERSION = 1.0;
				PRODUCT_BUNDLE_IDENTIFIER = com.matty316.stardoo;
				PRODUCT_NAME = "$(TARGET_NAME)";
				SWIFT_EMIT_LOC_STRINGS = YES;
			};
			name = Release;
		};
/* End XCBuildConfiguration section */

/* Begin XCConfigurationList section */
		48136CE02B6EF14600DEED86 /* Build configuration list for PBXProject "stardoo" */ = {
			isa = XCConfigurationList;
			buildConfigurations = (
				48136CF32B6EF14700DEED86 /* Debug */,
				48136CF42B6EF14700DEED86 /* Release */,
			);
			defaultConfigurationIsVisible = 0;
			defaultConfigurationName = Release;
		};
		48136CF52B6EF14700DEED86 /* Build configuration list for PBXNativeTarget "stardoo" */ = {
			isa = XCConfigurationList;
			buildConfigurations = (
				48136CF62B6EF14700DEED86 /* Debug */,
				48136CF72B6EF14700DEED86 /* Release */,
			);
			defaultConfigurationIsVisible = 0;
			defaultConfigurationName = Release;
		};
/* End XCConfigurationList section */
	};
	rootObject = 48136CDD2B6EF14600DEED86 /* Project object */;
}
